
Microsoft Visual Studio Solution File, Format Version 12.00
# Visual Studio 15
VisualStudioVersion = 15.0.28307.852
MinimumVisualStudioVersion = 10.0.40219.1
Project("{FAE04EC0-301F-11D3-BF4B-00C04F79EFBC}") = "BradyStarcherTodo", "BradyStarcherTodo\BradyStarcherTodo.csproj", "{5A889EB8-0C49-4D62-AB59-6A760235D753}"
EndProject
Global
	GlobalSection(SolutionConfigurationPlatforms) = preSolution
		Debug|Any CPU = Debug|Any CPU
		Release|Any CPU = Release|Any CPU
	EndGlobalSection
	GlobalSection(ProjectConfigurationPlatforms) = postSolution
		{5A889EB8-0C49-4D62-AB59-6A760235D753}.Debug|Any CPU.ActiveCfg = Debug|Any CPU
		{5A889EB8-0C49-4D62-AB59-6A760235D753}.Debug|Any CPU.Build.0 = Debug|Any CPU
		{5A889EB8-0C49-4D62-AB59-6A760235D753}.Release|Any CPU.ActiveCfg = Release|Any CPU
		{5A889EB8-0C49-4D62-AB59-6A760235D753}.Release|Any CPU.Build.0 = Release|Any CPU
	EndGlobalSection
	GlobalSection(SolutionProperties) = preSolution
		HideSolutionNode = FALSE
	EndGlobalSection
	GlobalSection(ExtensibilityGlobals) = postSolution
		SolutionGuid = {E04B9736-B44B-4CBA-AFD9-83959B3691DF}
	EndGlobalSection
EndGlobal
